// !$*UTF8*$!
{
	archiveVersion = 1;
	classes = {
	};
	objectVersion = 56;
	objects = {

/* Begin PBXBuildFile section */
		EB7042DF2A20D230000D6E78 /* AppDelegate.swift in Sources */ = {isa = PBXBuildFile; fileRef = EB7042DE2A20D230000D6E78 /* AppDelegate.swift */; };
		EB7042E12A20D230000D6E78 /* SceneDelegate.swift in Sources */ = {isa = PBXBuildFile; fileRef = EB7042E02A20D230000D6E78 /* SceneDelegate.swift */; };
		EB7042E32A20D230000D6E78 /* HomeViewController.swift in Sources */ = {isa = PBXBuildFile; fileRef = EB7042E22A20D230000D6E78 /* HomeViewController.swift */; };
		EB7042E62A20D230000D6E78 /* Main.storyboard in Resources */ = {isa = PBXBuildFile; fileRef = EB7042E42A20D230000D6E78 /* Main.storyboard */; };
		EB7042E92A20D230000D6E78 /* SportsApp.xcdatamodeld in Sources */ = {isa = PBXBuildFile; fileRef = EB7042E72A20D230000D6E78 /* SportsApp.xcdatamodeld */; };
		EB7042EB2A20D233000D6E78 /* Assets.xcassets in Resources */ = {isa = PBXBuildFile; fileRef = EB7042EA2A20D233000D6E78 /* Assets.xcassets */; };
		EB7042EE2A20D233000D6E78 /* LaunchScreen.storyboard in Resources */ = {isa = PBXBuildFile; fileRef = EB7042EC2A20D233000D6E78 /* LaunchScreen.storyboard */; };
		EB7042F92A20D233000D6E78 /* SportsAppTests.swift in Sources */ = {isa = PBXBuildFile; fileRef = EB7042F82A20D233000D6E78 /* SportsAppTests.swift */; };
		EB7043032A20D233000D6E78 /* SportsAppUITests.swift in Sources */ = {isa = PBXBuildFile; fileRef = EB7043022A20D233000D6E78 /* SportsAppUITests.swift */; };
		EB7043052A20D233000D6E78 /* SportsAppUITestsLaunchTests.swift in Sources */ = {isa = PBXBuildFile; fileRef = EB7043042A20D233000D6E78 /* SportsAppUITestsLaunchTests.swift */; };
		EB7043122A20DFDD000D6E78 /* FavoritesViewController.swift in Sources */ = {isa = PBXBuildFile; fileRef = EB7043112A20DFDD000D6E78 /* FavoritesViewController.swift */; };
/* End PBXBuildFile section */

/* Begin PBXContainerItemProxy section */
		EB7042F52A20D233000D6E78 /* PBXContainerItemProxy */ = {
			isa = PBXContainerItemProxy;
			containerPortal = EB7042D32A20D230000D6E78 /* Project object */;
			proxyType = 1;
			remoteGlobalIDString = EB7042DA2A20D230000D6E78;
			remoteInfo = SportsApp;
		};
		EB7042FF2A20D233000D6E78 /* PBXContainerItemProxy */ = {
			isa = PBXContainerItemProxy;
			containerPortal = EB7042D32A20D230000D6E78 /* Project object */;
			proxyType = 1;
			remoteGlobalIDString = EB7042DA2A20D230000D6E78;
			remoteInfo = SportsApp;
		};
/* End PBXContainerItemProxy section */

/* Begin PBXFileReference section */
		EB7042DB2A20D230000D6E78 /* SportsApp.app */ = {isa = PBXFileReference; explicitFileType = wrapper.application; includeInIndex = 0; path = SportsApp.app; sourceTree = BUILT_PRODUCTS_DIR; };
		EB7042DE2A20D230000D6E78 /* AppDelegate.swift */ = {isa = PBXFileReference; lastKnownFileType = sourcecode.swift; path = AppDelegate.swift; sourceTree = "<group>"; };
		EB7042E02A20D230000D6E78 /* SceneDelegate.swift */ = {isa = PBXFileReference; lastKnownFileType = sourcecode.swift; path = SceneDelegate.swift; sourceTree = "<group>"; };
		EB7042E22A20D230000D6E78 /* HomeViewController.swift */ = {isa = PBXFileReference; lastKnownFileType = sourcecode.swift; path = HomeViewController.swift; sourceTree = "<group>"; };
		EB7042E52A20D230000D6E78 /* Base */ = {isa = PBXFileReference; lastKnownFileType = file.storyboard; name = Base; path = Base.lproj/Main.storyboard; sourceTree = "<group>"; };
		EB7042E82A20D230000D6E78 /* SportsApp.xcdatamodel */ = {isa = PBXFileReference; lastKnownFileType = wrapper.xcdatamodel; path = SportsApp.xcdatamodel; sourceTree = "<group>"; };
		EB7042EA2A20D233000D6E78 /* Assets.xcassets */ = {isa = PBXFileReference; lastKnownFileType = folder.assetcatalog; path = Assets.xcassets; sourceTree = "<group>"; };
		EB7042ED2A20D233000D6E78 /* Base */ = {isa = PBXFileReference; lastKnownFileType = file.storyboard; name = Base; path = Base.lproj/LaunchScreen.storyboard; sourceTree = "<group>"; };
		EB7042EF2A20D233000D6E78 /* Info.plist */ = {isa = PBXFileReference; lastKnownFileType = text.plist.xml; path = Info.plist; sourceTree = "<group>"; };
		EB7042F42A20D233000D6E78 /* SportsAppTests.xctest */ = {isa = PBXFileReference; explicitFileType = wrapper.cfbundle; includeInIndex = 0; path = SportsAppTests.xctest; sourceTree = BUILT_PRODUCTS_DIR; };
		EB7042F82A20D233000D6E78 /* SportsAppTests.swift */ = {isa = PBXFileReference; lastKnownFileType = sourcecode.swift; path = SportsAppTests.swift; sourceTree = "<group>"; };
		EB7042FE2A20D233000D6E78 /* SportsAppUITests.xctest */ = {isa = PBXFileReference; explicitFileType = wrapper.cfbundle; includeInIndex = 0; path = SportsAppUITests.xctest; sourceTree = BUILT_PRODUCTS_DIR; };
		EB7043022A20D233000D6E78 /* SportsAppUITests.swift */ = {isa = PBXFileReference; lastKnownFileType = sourcecode.swift; path = SportsAppUITests.swift; sourceTree = "<group>"; };
		EB7043042A20D233000D6E78 /* SportsAppUITestsLaunchTests.swift */ = {isa = PBXFileReference; lastKnownFileType = sourcecode.swift; path = SportsAppUITestsLaunchTests.swift; sourceTree = "<group>"; };
		EB7043112A20DFDD000D6E78 /* FavoritesViewController.swift */ = {isa = PBXFileReference; lastKnownFileType = sourcecode.swift; path = FavoritesViewController.swift; sourceTree = "<group>"; };
/* End PBXFileReference section */

/* Begin PBXFrameworksBuildPhase section */
		EB7042D82A20D230000D6E78 /* Frameworks */ = {
			isa = PBXFrameworksBuildPhase;
			buildActionMask = 2147483647;
			files = (
			);
			runOnlyForDeploymentPostprocessing = 0;
		};
		EB7042F12A20D233000D6E78 /* Frameworks */ = {
			isa = PBXFrameworksBuildPhase;
			buildActionMask = 2147483647;
			files = (
			);
			runOnlyForDeploymentPostprocessing = 0;
		};
		EB7042FB2A20D233000D6E78 /* Frameworks */ = {
			isa = PBXFrameworksBuildPhase;
			buildActionMask = 2147483647;
			files = (
			);
			runOnlyForDeploymentPostprocessing = 0;
		};
/* End PBXFrameworksBuildPhase section */

/* Begin PBXGroup section */
		EB7042D22A20D230000D6E78 = {
			isa = PBXGroup;
			children = (
				EB7042DD2A20D230000D6E78 /* SportsApp */,
				EB7042F72A20D233000D6E78 /* SportsAppTests */,
				EB7043012A20D233000D6E78 /* SportsAppUITests */,
				EB7042DC2A20D230000D6E78 /* Products */,
			);
			sourceTree = "<group>";
		};
		EB7042DC2A20D230000D6E78 /* Products */ = {
			isa = PBXGroup;
			children = (
				EB7042DB2A20D230000D6E78 /* SportsApp.app */,
				EB7042F42A20D233000D6E78 /* SportsAppTests.xctest */,
				EB7042FE2A20D233000D6E78 /* SportsAppUITests.xctest */,
			);
			name = Products;
			sourceTree = "<group>";
		};
		EB7042DD2A20D230000D6E78 /* SportsApp */ = {
			isa = PBXGroup;
			children = (
				EB7042DE2A20D230000D6E78 /* AppDelegate.swift */,
				EB7042E02A20D230000D6E78 /* SceneDelegate.swift */,
				EB7042E22A20D230000D6E78 /* HomeViewController.swift */,
				EB7042E42A20D230000D6E78 /* Main.storyboard */,
				EB7042EA2A20D233000D6E78 /* Assets.xcassets */,
				EB7042EC2A20D233000D6E78 /* LaunchScreen.storyboard */,
				EB7042EF2A20D233000D6E78 /* Info.plist */,
				EB7042E72A20D230000D6E78 /* SportsApp.xcdatamodeld */,
				EB7043112A20DFDD000D6E78 /* FavoritesViewController.swift */,
			);
			path = SportsApp;
			sourceTree = "<group>";
		};
		EB7042F72A20D233000D6E78 /* SportsAppTests */ = {
			isa = PBXGroup;
			children = (
				EB7042F82A20D233000D6E78 /* SportsAppTests.swift */,
			);
			path = SportsAppTests;
			sourceTree = "<group>";
		};
		EB7043012A20D233000D6E78 /* SportsAppUITests */ = {
			isa = PBXGroup;
			children = (
				EB7043022A20D233000D6E78 /* SportsAppUITests.swift */,
				EB7043042A20D233000D6E78 /* SportsAppUITestsLaunchTests.swift */,
			);
			path = SportsAppUITests;
			sourceTree = "<group>";
		};
/* End PBXGroup section */

/* Begin PBXNativeTarget section */
		EB7042DA2A20D230000D6E78 /* SportsApp */ = {
			isa = PBXNativeTarget;
			buildConfigurationList = EB7043082A20D233000D6E78 /* Build configuration list for PBXNativeTarget "SportsApp" */;
			buildPhases = (
				EB7042D72A20D230000D6E78 /* Sources */,
				EB7042D82A20D230000D6E78 /* Frameworks */,
				EB7042D92A20D230000D6E78 /* Resources */,
			);
			buildRules = (
			);
			dependencies = (
			);
			name = SportsApp;
			productName = SportsApp;
			productReference = EB7042DB2A20D230000D6E78 /* SportsApp.app */;
			productType = "com.apple.product-type.application";
		};
		EB7042F32A20D233000D6E78 /* SportsAppTests */ = {
			isa = PBXNativeTarget;
			buildConfigurationList = EB70430B2A20D233000D6E78 /* Build configuration list for PBXNativeTarget "SportsAppTests" */;
			buildPhases = (
				EB7042F02A20D233000D6E78 /* Sources */,
				EB7042F12A20D233000D6E78 /* Frameworks */,
				EB7042F22A20D233000D6E78 /* Resources */,
			);
			buildRules = (
			);
			dependencies = (
				EB7042F62A20D233000D6E78 /* PBXTargetDependency */,
			);
			name = SportsAppTests;
			productName = SportsAppTests;
			productReference = EB7042F42A20D233000D6E78 /* SportsAppTests.xctest */;
			productType = "com.apple.product-type.bundle.unit-test";
		};
		EB7042FD2A20D233000D6E78 /* SportsAppUITests */ = {
			isa = PBXNativeTarget;
			buildConfigurationList = EB70430E2A20D233000D6E78 /* Build configuration list for PBXNativeTarget "SportsAppUITests" */;
			buildPhases = (
				EB7042FA2A20D233000D6E78 /* Sources */,
				EB7042FB2A20D233000D6E78 /* Frameworks */,
				EB7042FC2A20D233000D6E78 /* Resources */,
			);
			buildRules = (
			);
			dependencies = (
				EB7043002A20D233000D6E78 /* PBXTargetDependency */,
			);
			name = SportsAppUITests;
			productName = SportsAppUITests;
			productReference = EB7042FE2A20D233000D6E78 /* SportsAppUITests.xctest */;
			productType = "com.apple.product-type.bundle.ui-testing";
		};
/* End PBXNativeTarget section */

/* Begin PBXProject section */
		EB7042D32A20D230000D6E78 /* Project object */ = {
			isa = PBXProject;
			attributes = {
				BuildIndependentTargetsInParallel = 1;
				LastSwiftUpdateCheck = 1430;
				LastUpgradeCheck = 1430;
				TargetAttributes = {
					EB7042DA2A20D230000D6E78 = {
						CreatedOnToolsVersion = 14.3;
					};
					EB7042F32A20D233000D6E78 = {
						CreatedOnToolsVersion = 14.3;
						TestTargetID = EB7042DA2A20D230000D6E78;
					};
					EB7042FD2A20D233000D6E78 = {
						CreatedOnToolsVersion = 14.3;
						TestTargetID = EB7042DA2A20D230000D6E78;
					};
				};
			};
			buildConfigurationList = EB7042D62A20D230000D6E78 /* Build configuration list for PBXProject "SportsApp" */;
			compatibilityVersion = "Xcode 14.0";
			developmentRegion = en;
			hasScannedForEncodings = 0;
			knownRegions = (
				en,
				Base,
			);
			mainGroup = EB7042D22A20D230000D6E78;
			productRefGroup = EB7042DC2A20D230000D6E78 /* Products */;
			projectDirPath = "";
			projectRoot = "";
			targets = (
				EB7042DA2A20D230000D6E78 /* SportsApp */,
				EB7042F32A20D233000D6E78 /* SportsAppTests */,
				EB7042FD2A20D233000D6E78 /* SportsAppUITests */,
			);
		};
/* End PBXProject section */

/* Begin PBXResourcesBuildPhase section */
		EB7042D92A20D230000D6E78 /* Resources */ = {
			isa = PBXResourcesBuildPhase;
			buildActionMask = 2147483647;
			files = (
				EB7042EE2A20D233000D6E78 /* LaunchScreen.storyboard in Resources */,
				EB7042EB2A20D233000D6E78 /* Assets.xcassets in Resources */,
				EB7042E62A20D230000D6E78 /* Main.storyboard in Resources */,
			);
			runOnlyForDeploymentPostprocessing = 0;
		};
		EB7042F22A20D233000D6E78 /* Resources */ = {
			isa = PBXResourcesBuildPhase;
			buildActionMask = 2147483647;
			files = (
			);
			runOnlyForDeploymentPostprocessing = 0;
		};
		EB7042FC2A20D233000D6E78 /* Resources */ = {
			isa = PBXResourcesBuildPhase;
			buildActionMask = 2147483647;
			files = (
			);
			runOnlyForDeploymentPostprocessing = 0;
		};
/* End PBXResourcesBuildPhase section */

/* Begin PBXSourcesBuildPhase section */
		EB7042D72A20D230000D6E78 /* Sources */ = {
			isa = PBXSourcesBuildPhase;
			buildActionMask = 2147483647;
			files = (
				EB7042E32A20D230000D6E78 /* HomeViewController.swift in Sources */,
				EB7042DF2A20D230000D6E78 /* AppDelegate.swift in Sources */,
				EB7042E92A20D230000D6E78 /* SportsApp.xcdatamodeld in Sources */,
				EB7043122A20DFDD000D6E78 /* FavoritesViewController.swift in Sources */,
				EB7042E12A20D230000D6E78 /* SceneDelegate.swift in Sources */,
			);
			runOnlyForDeploymentPostprocessing = 0;
		};
		EB7042F02A20D233000D6E78 /* Sources */ = {
			isa = PBXSourcesBuildPhase;
			buildActionMask = 2147483647;
			files = (
				EB7042F92A20D233000D6E78 /* SportsAppTests.swift in Sources */,
			);
			runOnlyForDeploymentPostprocessing = 0;
		};
		EB7042FA2A20D233000D6E78 /* Sources */ = {
			isa = PBXSourcesBuildPhase;
			buildActionMask = 2147483647;
			files = (
				EB7043032A20D233000D6E78 /* SportsAppUITests.swift in Sources */,
				EB7043052A20D233000D6E78 /* SportsAppUITestsLaunchTests.swift in Sources */,
			);
			runOnlyForDeploymentPostprocessing = 0;
		};
/* End PBXSourcesBuildPhase section */

/* Begin PBXTargetDependency section */
		EB7042F62A20D233000D6E78 /* PBXTargetDependency */ = {
			isa = PBXTargetDependency;
			target = EB7042DA2A20D230000D6E78 /* SportsApp */;
			targetProxy = EB7042F52A20D233000D6E78 /* PBXContainerItemProxy */;
		};
		EB7043002A20D233000D6E78 /* PBXTargetDependency */ = {
			isa = PBXTargetDependency;
			target = EB7042DA2A20D230000D6E78 /* SportsApp */;
			targetProxy = EB7042FF2A20D233000D6E78 /* PBXContainerItemProxy */;
		};
/* End PBXTargetDependency section */

/* Begin PBXVariantGroup section */
		EB7042E42A20D230000D6E78 /* Main.storyboard */ = {
			isa = PBXVariantGroup;
			children = (
				EB7042E52A20D230000D6E78 /* Base */,
			);
			name = Main.storyboard;
			sourceTree = "<group>";
		};
		EB7042EC2A20D233000D6E78 /* LaunchScreen.storyboard */ = {
			isa = PBXVariantGroup;
			children = (
				EB7042ED2A20D233000D6E78 /* Base */,
			);
			name = LaunchScreen.storyboard;
			sourceTree = "<group>";
		};
/* End PBXVariantGroup section */

/* Begin XCBuildConfiguration section */
		EB7043062A20D233000D6E78 /* Debug */ = {
			isa = XCBuildConfiguration;
			buildSettings = {
				ALWAYS_SEARCH_USER_PATHS = NO;
				CLANG_ANALYZER_NONNULL = YES;
				CLANG_ANALYZER_NUMBER_OBJECT_CONVERSION = YES_AGGRESSIVE;
				CLANG_CXX_LANGUAGE_STANDARD = "gnu++20";
				CLANG_ENABLE_MODULES = YES;
				CLANG_ENABLE_OBJC_ARC = YES;
				CLANG_ENABLE_OBJC_WEAK = YES;
				CLANG_WARN_BLOCK_CAPTURE_AUTORELEASING = YES;
				CLANG_WARN_BOOL_CONVERSION = YES;
				CLANG_WARN_COMMA = YES;
				CLANG_WARN_CONSTANT_CONVERSION = YES;
				CLANG_WARN_DEPRECATED_OBJC_IMPLEMENTATIONS = YES;
				CLANG_WARN_DIRECT_OBJC_ISA_USAGE = YES_ERROR;
				CLANG_WARN_DOCUMENTATION_COMMENTS = YES;
				CLANG_WARN_EMPTY_BODY = YES;
				CLANG_WARN_ENUM_CONVERSION = YES;
				CLANG_WARN_INFINITE_RECURSION = YES;
				CLANG_WARN_INT_CONVERSION = YES;
				CLANG_WARN_NON_LITERAL_NULL_CONVERSION = YES;
				CLANG_WARN_OBJC_IMPLICIT_RETAIN_SELF = YES;
				CLANG_WARN_OBJC_LITERAL_CONVERSION = YES;
				CLANG_WARN_OBJC_ROOT_CLASS = YES_ERROR;
				CLANG_WARN_QUOTED_INCLUDE_IN_FRAMEWORK_HEADER = YES;
				CLANG_WARN_RANGE_LOOP_ANALYSIS = YES;
				CLANG_WARN_STRICT_PROTOTYPES = YES;
				CLANG_WARN_SUSPICIOUS_MOVE = YES;
				CLANG_WARN_UNGUARDED_AVAILABILITY = YES_AGGRESSIVE;
				CLANG_WARN_UNREACHABLE_CODE = YES;
				CLANG_WARN__DUPLICATE_METHOD_MATCH = YES;
				COPY_PHASE_STRIP = NO;
				DEBUG_INFORMATION_FORMAT = dwarf;
				ENABLE_STRICT_OBJC_MSGSEND = YES;
				ENABLE_TESTABILITY = YES;
				GCC_C_LANGUAGE_STANDARD = gnu11;
				GCC_DYNAMIC_NO_PIC = NO;
				GCC_NO_COMMON_BLOCKS = YES;
				GCC_OPTIMIZATION_LEVEL = 0;
				GCC_PREPROCESSOR_DEFINITIONS = (
					"DEBUG=1",
					"$(inherited)",
				);
				GCC_WARN_64_TO_32_BIT_CONVERSION = YES;
				GCC_WARN_ABOUT_RETURN_TYPE = YES_ERROR;
				GCC_WARN_UNDECLARED_SELECTOR = YES;
				GCC_WARN_UNINITIALIZED_AUTOS = YES_AGGRESSIVE;
				GCC_WARN_UNUSED_FUNCTION = YES;
				GCC_WARN_UNUSED_VARIABLE = YES;
				IPHONEOS_DEPLOYMENT_TARGET = 16.4;
				MTL_ENABLE_DEBUG_INFO = INCLUDE_SOURCE;
				MTL_FAST_MATH = YES;
				ONLY_ACTIVE_ARCH = YES;
				SDKROOT = iphoneos;
				SWIFT_ACTIVE_COMPILATION_CONDITIONS = DEBUG;
				SWIFT_OPTIMIZATION_LEVEL = "-Onone";
			};
			name = Debug;
		};
		EB7043072A20D233000D6E78 /* Release */ = {
			isa = XCBuildConfiguration;
			buildSettings = {
				ALWAYS_SEARCH_USER_PATHS = NO;
				CLANG_ANALYZER_NONNULL = YES;
				CLANG_ANALYZER_NUMBER_OBJECT_CONVERSION = YES_AGGRESSIVE;
				CLANG_CXX_LANGUAGE_STANDARD = "gnu++20";
				CLANG_ENABLE_MODULES = YES;
				CLANG_ENABLE_OBJC_ARC = YES;
				CLANG_ENABLE_OBJC_WEAK = YES;
				CLANG_WARN_BLOCK_CAPTURE_AUTORELEASING = YES;
				CLANG_WARN_BOOL_CONVERSION = YES;
				CLANG_WARN_COMMA = YES;
				CLANG_WARN_CONSTANT_CONVERSION = YES;
				CLANG_WARN_DEPRECATED_OBJC_IMPLEMENTATIONS = YES;
				CLANG_WARN_DIRECT_OBJC_ISA_USAGE = YES_ERROR;
				CLANG_WARN_DOCUMENTATION_COMMENTS = YES;
				CLANG_WARN_EMPTY_BODY = YES;
				CLANG_WARN_ENUM_CONVERSION = YES;
				CLANG_WARN_INFINITE_RECURSION = YES;
				CLANG_WARN_INT_CONVERSION = YES;
				CLANG_WARN_NON_LITERAL_NULL_CONVERSION = YES;
				CLANG_WARN_OBJC_IMPLICIT_RETAIN_SELF = YES;
				CLANG_WARN_OBJC_LITERAL_CONVERSION = YES;
				CLANG_WARN_OBJC_ROOT_CLASS = YES_ERROR;
				CLANG_WARN_QUOTED_INCLUDE_IN_FRAMEWORK_HEADER = YES;
				CLANG_WARN_RANGE_LOOP_ANALYSIS = YES;
				CLANG_WARN_STRICT_PROTOTYPES = YES;
				CLANG_WARN_SUSPICIOUS_MOVE = YES;
				CLANG_WARN_UNGUARDED_AVAILABILITY = YES_AGGRESSIVE;
				CLANG_WARN_UNREACHABLE_CODE = YES;
				CLANG_WARN__DUPLICATE_METHOD_MATCH = YES;
				COPY_PHASE_STRIP = NO;
				DEBUG_INFORMATION_FORMAT = "dwarf-with-dsym";
				ENABLE_NS_ASSERTIONS = NO;
				ENABLE_STRICT_OBJC_MSGSEND = YES;
				GCC_C_LANGUAGE_STANDARD = gnu11;
				GCC_NO_COMMON_BLOCKS = YES;
				GCC_WARN_64_TO_32_BIT_CONVERSION = YES;
				GCC_WARN_ABOUT_RETURN_TYPE = YES_ERROR;
				GCC_WARN_UNDECLARED_SELECTOR = YES;
				GCC_WARN_UNINITIALIZED_AUTOS = YES_AGGRESSIVE;
				GCC_WARN_UNUSED_FUNCTION = YES;
				GCC_WARN_UNUSED_VARIABLE = YES;
				IPHONEOS_DEPLOYMENT_TARGET = 16.4;
				MTL_ENABLE_DEBUG_INFO = NO;
				MTL_FAST_MATH = YES;
				SDKROOT = iphoneos;
				SWIFT_COMPILATION_MODE = wholemodule;
				SWIFT_OPTIMIZATION_LEVEL = "-O";
				VALIDATE_PRODUCT = YES;
			};
			name = Release;
		};
		EB7043092A20D233000D6E78 /* Debug */ = {
			isa = XCBuildConfiguration;
			buildSettings = {
				ASSETCATALOG_COMPILER_APPICON_NAME = AppIcon;
				ASSETCATALOG_COMPILER_GLOBAL_ACCENT_COLOR_NAME = AccentColor;
				CODE_SIGN_STYLE = Automatic;
				CURRENT_PROJECT_VERSION = 1;
				GENERATE_INFOPLIST_FILE = YES;
				INFOPLIST_FILE = SportsApp/Info.plist;
				INFOPLIST_KEY_UIApplicationSupportsIndirectInputEvents = YES;
				INFOPLIST_KEY_UILaunchStoryboardName = LaunchScreen;
				INFOPLIST_KEY_UIMainStoryboardFile = Main;
				INFOPLIST_KEY_UISupportedInterfaceOrientations_iPad = "UIInterfaceOrientationPortrait UIInterfaceOrientationPortraitUpsideDown UIInterfaceOrientationLandscapeLeft UIInterfaceOrientationLandscapeRight";
				INFOPLIST_KEY_UISupportedInterfaceOrientations_iPhone = "UIInterfaceOrientationPortrait UIInterfaceOrientationLandscapeLeft UIInterfaceOrientationLandscapeRight";
				LD_RUNPATH_SEARCH_PATHS = (
					"$(inherited)",
					"@executable_path/Frameworks",
				);
				MARKETING_VERSION = 1.0;
				PRODUCT_BUNDLE_IDENTIFIER = test.SportsApp;
				PRODUCT_NAME = "$(TARGET_NAME)";
				SWIFT_EMIT_LOC_STRINGS = YES;
				SWIFT_VERSION = 5.0;
				TARGETED_DEVICE_FAMILY = "1,2";
			};
			name = Debug;
		};
		EB70430A2A20D233000D6E78 /* Release */ = {
			isa = XCBuildConfiguration;
			buildSettings = {
				ASSETCATALOG_COMPILER_APPICON_NAME = AppIcon;
				ASSETCATALOG_COMPILER_GLOBAL_ACCENT_COLOR_NAME = AccentColor;
				CODE_SIGN_STYLE = Automatic;
				CURRENT_PROJECT_VERSION = 1;
				GENERATE_INFOPLIST_FILE = YES;
				INFOPLIST_FILE = SportsApp/Info.plist;
				INFOPLIST_KEY_UIApplicationSupportsIndirectInputEvents = YES;
				INFOPLIST_KEY_UILaunchStoryboardName = LaunchScreen;
				INFOPLIST_KEY_UIMainStoryboardFile = Main;
				INFOPLIST_KEY_UISupportedInterfaceOrientations_iPad = "UIInterfaceOrientationPortrait UIInterfaceOrientationPortraitUpsideDown UIInterfaceOrientationLandscapeLeft UIInterfaceOrientationLandscapeRight";
				INFOPLIST_KEY_UISupportedInterfaceOrientations_iPhone = "UIInterfaceOrientationPortrait UIInterfaceOrientationLandscapeLeft UIInterfaceOrientationLandscapeRight";
				LD_RUNPATH_SEARCH_PATHS = (
					"$(inherited)",
					"@executable_path/Frameworks",
				);
				MARKETING_VERSION = 1.0;
				PRODUCT_BUNDLE_IDENTIFIER = test.SportsApp;
				PRODUCT_NAME = "$(TARGET_NAME)";
				SWIFT_EMIT_LOC_STRINGS = YES;
				SWIFT_VERSION = 5.0;
				TARGETED_DEVICE_FAMILY = "1,2";
			};
			name = Release;
		};
		EB70430C2A20D233000D6E78 /* Debug */ = {
			isa = XCBuildConfiguration;
			buildSettings = {
				ALWAYS_EMBED_SWIFT_STANDARD_LIBRARIES = YES;
				BUNDLE_LOADER = "$(TEST_HOST)";
				CODE_SIGN_STYLE = Automatic;
				CURRENT_PROJECT_VERSION = 1;
				GENERATE_INFOPLIST_FILE = YES;
				IPHONEOS_DEPLOYMENT_TARGET = 16.4;
				MARKETING_VERSION = 1.0;
				PRODUCT_BUNDLE_IDENTIFIER = test.SportsAppTests;
				PRODUCT_NAME = "$(TARGET_NAME)";
				SWIFT_EMIT_LOC_STRINGS = NO;
				SWIFT_VERSION = 5.0;
				TARGETED_DEVICE_FAMILY = "1,2";
				TEST_HOST = "$(BUILT_PRODUCTS_DIR)/SportsApp.app/$(BUNDLE_EXECUTABLE_FOLDER_PATH)/SportsApp";
			};
			name = Debug;
		};
		EB70430D2A20D233000D6E78 /* Release */ = {
			isa = XCBuildConfiguration;
			buildSettings = {
				ALWAYS_EMBED_SWIFT_STANDARD_LIBRARIES = YES;
				BUNDLE_LOADER = "$(TEST_HOST)";
				CODE_SIGN_STYLE = Automatic;
				CURRENT_PROJECT_VERSION = 1;
				GENERATE_INFOPLIST_FILE = YES;
				IPHONEOS_DEPLOYMENT_TARGET = 16.4;
				MARKETING_VERSION = 1.0;
				PRODUCT_BUNDLE_IDENTIFIER = test.SportsAppTests;
				PRODUCT_NAME = "$(TARGET_NAME)";
				SWIFT_EMIT_LOC_STRINGS = NO;
				SWIFT_VERSION = 5.0;
				TARGETED_DEVICE_FAMILY = "1,2";
				TEST_HOST = "$(BUILT_PRODUCTS_DIR)/SportsApp.app/$(BUNDLE_EXECUTABLE_FOLDER_PATH)/SportsApp";
			};
			name = Release;
		};
		EB70430F2A20D233000D6E78 /* Debug */ = {
			isa = XCBuildConfiguration;
			buildSettings = {
				ALWAYS_EMBED_SWIFT_STANDARD_LIBRARIES = YES;
				CODE_SIGN_STYLE = Automatic;
				CURRENT_PROJECT_VERSION = 1;
				GENERATE_INFOPLIST_FILE = YES;
				MARKETING_VERSION = 1.0;
				PRODUCT_BUNDLE_IDENTIFIER = test.SportsAppUITests;
				PRODUCT_NAME = "$(TARGET_NAME)";
				SWIFT_EMIT_LOC_STRINGS = NO;
				SWIFT_VERSION = 5.0;
				TARGETED_DEVICE_FAMILY = "1,2";
				TEST_TARGET_NAME = SportsApp;
			};
			name = Debug;
		};
		EB7043102A20D233000D6E78 /* Release */ = {
			isa = XCBuildConfiguration;
			buildSettings = {
				ALWAYS_EMBED_SWIFT_STANDARD_LIBRARIES = YES;
				CODE_SIGN_STYLE = Automatic;
				CURRENT_PROJECT_VERSION = 1;
				GENERATE_INFOPLIST_FILE = YES;
				MARKETING_VERSION = 1.0;
				PRODUCT_BUNDLE_IDENTIFIER = test.SportsAppUITests;
				PRODUCT_NAME = "$(TARGET_NAME)";
				SWIFT_EMIT_LOC_STRINGS = NO;
				SWIFT_VERSION = 5.0;
				TARGETED_DEVICE_FAMILY = "1,2";
				TEST_TARGET_NAME = SportsApp;
			};
			name = Release;
		};
/* End XCBuildConfiguration section */

/* Begin XCConfigurationList section */
		EB7042D62A20D230000D6E78 /* Build configuration list for PBXProject "SportsApp" */ = {
			isa = XCConfigurationList;
			buildConfigurations = (
				EB7043062A20D233000D6E78 /* Debug */,
				EB7043072A20D233000D6E78 /* Release */,
			);
			defaultConfigurationIsVisible = 0;
			defaultConfigurationName = Release;
		};
		EB7043082A20D233000D6E78 /* Build configuration list for PBXNativeTarget "SportsApp" */ = {
			isa = XCConfigurationList;
			buildConfigurations = (
				EB7043092A20D233000D6E78 /* Debug */,
				EB70430A2A20D233000D6E78 /* Release */,
			);
			defaultConfigurationIsVisible = 0;
			defaultConfigurationName = Release;
		};
		EB70430B2A20D233000D6E78 /* Build configuration list for PBXNativeTarget "SportsAppTests" */ = {
			isa = XCConfigurationList;
			buildConfigurations = (
				EB70430C2A20D233000D6E78 /* Debug */,
				EB70430D2A20D233000D6E78 /* Release */,
			);
			defaultConfigurationIsVisible = 0;
			defaultConfigurationName = Release;
		};
		EB70430E2A20D233000D6E78 /* Build configuration list for PBXNativeTarget "SportsAppUITests" */ = {
			isa = XCConfigurationList;
			buildConfigurations = (
				EB70430F2A20D233000D6E78 /* Debug */,
				EB7043102A20D233000D6E78 /* Release */,
			);
			defaultConfigurationIsVisible = 0;
			defaultConfigurationName = Release;
		};
/* End XCConfigurationList section */

/* Begin XCVersionGroup section */
		EB7042E72A20D230000D6E78 /* SportsApp.xcdatamodeld */ = {
			isa = XCVersionGroup;
			children = (
				EB7042E82A20D230000D6E78 /* SportsApp.xcdatamodel */,
			);
			currentVersion = EB7042E82A20D230000D6E78 /* SportsApp.xcdatamodel */;
			path = SportsApp.xcdatamodeld;
			sourceTree = "<group>";
			versionGroupType = wrapper.xcdatamodel;
		};
/* End XCVersionGroup section */
	};
	rootObject = EB7042D32A20D230000D6E78 /* Project object */;
}
